// !$*UTF8*$!
{
	archiveVersion = 1;
	classes = {
	};
	objectVersion = 50;
	objects = {

/* Begin PBXBuildFile section */
		4043158821950AD300F9B7CD /* estoesMatrix.gif in Resources */ = {isa = PBXBuildFile; fileRef = 4043158721950AD100F9B7CD /* estoesMatrix.gif */; };
		4043158A21950E9900F9B7CD /* gif.swift in Sources */ = {isa = PBXBuildFile; fileRef = 4043158921950E9900F9B7CD /* gif.swift */; };
		40A29F26219273FA002D038D /* ViewController2.swift in Sources */ = {isa = PBXBuildFile; fileRef = 40A29F25219273FA002D038D /* ViewController2.swift */; };
		40D43C31218F752200208A35 /* AppDelegate.swift in Sources */ = {isa = PBXBuildFile; fileRef = 40D43C30218F752200208A35 /* AppDelegate.swift */; };
		40D43C33218F752200208A35 /* ViewController.swift in Sources */ = {isa = PBXBuildFile; fileRef = 40D43C32218F752200208A35 /* ViewController.swift */; };
		40D43C36218F752200208A35 /* Main.storyboard in Resources */ = {isa = PBXBuildFile; fileRef = 40D43C34218F752200208A35 /* Main.storyboard */; };
		40D43C38218F752800208A35 /* Assets.xcassets in Resources */ = {isa = PBXBuildFile; fileRef = 40D43C37218F752800208A35 /* Assets.xcassets */; };
		40D43C3B218F752800208A35 /* LaunchScreen.storyboard in Resources */ = {isa = PBXBuildFile; fileRef = 40D43C39218F752800208A35 /* LaunchScreen.storyboard */; };
		40D43C46218F752800208A35 /* moneyChangeTests.swift in Sources */ = {isa = PBXBuildFile; fileRef = 40D43C45218F752800208A35 /* moneyChangeTests.swift */; };
		40D43C51218F752800208A35 /* moneyChangeUITests.swift in Sources */ = {isa = PBXBuildFile; fileRef = 40D43C50218F752800208A35 /* moneyChangeUITests.swift */; };
		40F1BDED21911A2300DBD336 /* Moneda.swift in Sources */ = {isa = PBXBuildFile; fileRef = 40F1BDEC21911A2300DBD336 /* Moneda.swift */; };
/* End PBXBuildFile section */

/* Begin PBXContainerItemProxy section */
		40D43C42218F752800208A35 /* PBXContainerItemProxy */ = {
			isa = PBXContainerItemProxy;
			containerPortal = 40D43C25218F752100208A35 /* Project object */;
			proxyType = 1;
			remoteGlobalIDString = 40D43C2C218F752200208A35;
			remoteInfo = moneyChange;
		};
		40D43C4D218F752800208A35 /* PBXContainerItemProxy */ = {
			isa = PBXContainerItemProxy;
			containerPortal = 40D43C25218F752100208A35 /* Project object */;
			proxyType = 1;
			remoteGlobalIDString = 40D43C2C218F752200208A35;
			remoteInfo = moneyChange;
		};
/* End PBXContainerItemProxy section */

/* Begin PBXFileReference section */
		4043158721950AD100F9B7CD /* estoesMatrix.gif */ = {isa = PBXFileReference; lastKnownFileType = image.gif; name = estoesMatrix.gif; path = ../../estoesMatrix.gif; sourceTree = "<group>"; };
		4043158921950E9900F9B7CD /* gif.swift */ = {isa = PBXFileReference; lastKnownFileType = sourcecode.swift; path = gif.swift; sourceTree = "<group>"; };
		40A29F25219273FA002D038D /* ViewController2.swift */ = {isa = PBXFileReference; lastKnownFileType = sourcecode.swift; path = ViewController2.swift; sourceTree = "<group>"; };
		40D43C2D218F752200208A35 /* moneyChange.app */ = {isa = PBXFileReference; explicitFileType = wrapper.application; includeInIndex = 0; path = moneyChange.app; sourceTree = BUILT_PRODUCTS_DIR; };
		40D43C30218F752200208A35 /* AppDelegate.swift */ = {isa = PBXFileReference; lastKnownFileType = sourcecode.swift; path = AppDelegate.swift; sourceTree = "<group>"; };
		40D43C32218F752200208A35 /* ViewController.swift */ = {isa = PBXFileReference; lastKnownFileType = sourcecode.swift; path = ViewController.swift; sourceTree = "<group>"; };
		40D43C35218F752200208A35 /* Base */ = {isa = PBXFileReference; lastKnownFileType = file.storyboard; name = Base; path = Base.lproj/Main.storyboard; sourceTree = "<group>"; };
		40D43C37218F752800208A35 /* Assets.xcassets */ = {isa = PBXFileReference; lastKnownFileType = folder.assetcatalog; path = Assets.xcassets; sourceTree = "<group>"; };
		40D43C3A218F752800208A35 /* Base */ = {isa = PBXFileReference; lastKnownFileType = file.storyboard; name = Base; path = Base.lproj/LaunchScreen.storyboard; sourceTree = "<group>"; };
		40D43C3C218F752800208A35 /* Info.plist */ = {isa = PBXFileReference; lastKnownFileType = text.plist.xml; path = Info.plist; sourceTree = "<group>"; };
		40D43C41218F752800208A35 /* moneyChangeTests.xctest */ = {isa = PBXFileReference; explicitFileType = wrapper.cfbundle; includeInIndex = 0; path = moneyChangeTests.xctest; sourceTree = BUILT_PRODUCTS_DIR; };
		40D43C45218F752800208A35 /* moneyChangeTests.swift */ = {isa = PBXFileReference; lastKnownFileType = sourcecode.swift; path = moneyChangeTests.swift; sourceTree = "<group>"; };
		40D43C47218F752800208A35 /* Info.plist */ = {isa = PBXFileReference; lastKnownFileType = text.plist.xml; path = Info.plist; sourceTree = "<group>"; };
		40D43C4C218F752800208A35 /* moneyChangeUITests.xctest */ = {isa = PBXFileReference; explicitFileType = wrapper.cfbundle; includeInIndex = 0; path = moneyChangeUITests.xctest; sourceTree = BUILT_PRODUCTS_DIR; };
		40D43C50218F752800208A35 /* moneyChangeUITests.swift */ = {isa = PBXFileReference; lastKnownFileType = sourcecode.swift; path = moneyChangeUITests.swift; sourceTree = "<group>"; };
		40D43C52218F752800208A35 /* Info.plist */ = {isa = PBXFileReference; lastKnownFileType = text.plist.xml; path = Info.plist; sourceTree = "<group>"; };
		40F1BDEC21911A2300DBD336 /* Moneda.swift */ = {isa = PBXFileReference; lastKnownFileType = sourcecode.swift; path = Moneda.swift; sourceTree = "<group>"; };
/* End PBXFileReference section */

/* Begin PBXFrameworksBuildPhase section */
		40D43C2A218F752200208A35 /* Frameworks */ = {
			isa = PBXFrameworksBuildPhase;
			buildActionMask = 2147483647;
			files = (
			);
			runOnlyForDeploymentPostprocessing = 0;
		};
		40D43C3E218F752800208A35 /* Frameworks */ = {
			isa = PBXFrameworksBuildPhase;
			buildActionMask = 2147483647;
			files = (
			);
			runOnlyForDeploymentPostprocessing = 0;
		};
		40D43C49218F752800208A35 /* Frameworks */ = {
			isa = PBXFrameworksBuildPhase;
			buildActionMask = 2147483647;
			files = (
			);
			runOnlyForDeploymentPostprocessing = 0;
		};
/* End PBXFrameworksBuildPhase section */

/* Begin PBXGroup section */
		40D43C24218F752100208A35 = {
			isa = PBXGroup;
			children = (
				40D43C2F218F752200208A35 /* moneyChange */,
				40D43C44218F752800208A35 /* moneyChangeTests */,
				40D43C4F218F752800208A35 /* moneyChangeUITests */,
				40D43C2E218F752200208A35 /* Products */,
			);
			sourceTree = "<group>";
		};
		40D43C2E218F752200208A35 /* Products */ = {
			isa = PBXGroup;
			children = (
				40D43C2D218F752200208A35 /* moneyChange.app */,
				40D43C41218F752800208A35 /* moneyChangeTests.xctest */,
				40D43C4C218F752800208A35 /* moneyChangeUITests.xctest */,
			);
			name = Products;
			sourceTree = "<group>";
		};
		40D43C2F218F752200208A35 /* moneyChange */ = {
			isa = PBXGroup;
			children = (
				4043158721950AD100F9B7CD /* estoesMatrix.gif */,
				40D43C30218F752200208A35 /* AppDelegate.swift */,
				40D43C32218F752200208A35 /* ViewController.swift */,
				40D43C34218F752200208A35 /* Main.storyboard */,
				40A29F25219273FA002D038D /* ViewController2.swift */,
				40D43C37218F752800208A35 /* Assets.xcassets */,
				40D43C39218F752800208A35 /* LaunchScreen.storyboard */,
				40D43C3C218F752800208A35 /* Info.plist */,
				40F1BDEC21911A2300DBD336 /* Moneda.swift */,
				4043158921950E9900F9B7CD /* gif.swift */,
			);
			path = moneyChange;
			sourceTree = "<group>";
		};
		40D43C44218F752800208A35 /* moneyChangeTests */ = {
			isa = PBXGroup;
			children = (
				40D43C45218F752800208A35 /* moneyChangeTests.swift */,
				40D43C47218F752800208A35 /* Info.plist */,
			);
			path = moneyChangeTests;
			sourceTree = "<group>";
		};
		40D43C4F218F752800208A35 /* moneyChangeUITests */ = {
			isa = PBXGroup;
			children = (
				40D43C50218F752800208A35 /* moneyChangeUITests.swift */,
				40D43C52218F752800208A35 /* Info.plist */,
			);
			path = moneyChangeUITests;
			sourceTree = "<group>";
		};
/* End PBXGroup section */

/* Begin PBXNativeTarget section */
		40D43C2C218F752200208A35 /* moneyChange */ = {
			isa = PBXNativeTarget;
			buildConfigurationList = 40D43C55218F752800208A35 /* Build configuration list for PBXNativeTarget "moneyChange" */;
			buildPhases = (
				40D43C29218F752200208A35 /* Sources */,
				40D43C2A218F752200208A35 /* Frameworks */,
				40D43C2B218F752200208A35 /* Resources */,
			);
			buildRules = (
			);
			dependencies = (
			);
			name = moneyChange;
			productName = moneyChange;
			productReference = 40D43C2D218F752200208A35 /* moneyChange.app */;
			productType = "com.apple.product-type.application";
		};
		40D43C40218F752800208A35 /* moneyChangeTests */ = {
			isa = PBXNativeTarget;
			buildConfigurationList = 40D43C58218F752800208A35 /* Build configuration list for PBXNativeTarget "moneyChangeTests" */;
			buildPhases = (
				40D43C3D218F752800208A35 /* Sources */,
				40D43C3E218F752800208A35 /* Frameworks */,
				40D43C3F218F752800208A35 /* Resources */,
			);
			buildRules = (
			);
			dependencies = (
				40D43C43218F752800208A35 /* PBXTargetDependency */,
			);
			name = moneyChangeTests;
			productName = moneyChangeTests;
			productReference = 40D43C41218F752800208A35 /* moneyChangeTests.xctest */;
			productType = "com.apple.product-type.bundle.unit-test";
		};
		40D43C4B218F752800208A35 /* moneyChangeUITests */ = {
			isa = PBXNativeTarget;
			buildConfigurationList = 40D43C5B218F752800208A35 /* Build configuration list for PBXNativeTarget "moneyChangeUITests" */;
			buildPhases = (
				40D43C48218F752800208A35 /* Sources */,
				40D43C49218F752800208A35 /* Frameworks */,
				40D43C4A218F752800208A35 /* Resources */,
			);
			buildRules = (
			);
			dependencies = (
				40D43C4E218F752800208A35 /* PBXTargetDependency */,
			);
			name = moneyChangeUITests;
			productName = moneyChangeUITests;
			productReference = 40D43C4C218F752800208A35 /* moneyChangeUITests.xctest */;
			productType = "com.apple.product-type.bundle.ui-testing";
		};
/* End PBXNativeTarget section */

/* Begin PBXProject section */
		40D43C25218F752100208A35 /* Project object */ = {
			isa = PBXProject;
			attributes = {
				LastSwiftUpdateCheck = 1010;
				LastUpgradeCheck = 1010;
				ORGANIZATIONNAME = "Cristian Carreño";
				TargetAttributes = {
					40D43C2C218F752200208A35 = {
						CreatedOnToolsVersion = 10.1;
					};
					40D43C40218F752800208A35 = {
						CreatedOnToolsVersion = 10.1;
						TestTargetID = 40D43C2C218F752200208A35;
					};
					40D43C4B218F752800208A35 = {
						CreatedOnToolsVersion = 10.1;
						TestTargetID = 40D43C2C218F752200208A35;
					};
				};
			};
			buildConfigurationList = 40D43C28218F752100208A35 /* Build configuration list for PBXProject "moneyChange" */;
			compatibilityVersion = "Xcode 9.3";
			developmentRegion = en;
			hasScannedForEncodings = 0;
			knownRegions = (
				en,
				Base,
			);
			mainGroup = 40D43C24218F752100208A35;
			productRefGroup = 40D43C2E218F752200208A35 /* Products */;
			projectDirPath = "";
			projectRoot = "";
			targets = (
				40D43C2C218F752200208A35 /* moneyChange */,
				40D43C40218F752800208A35 /* moneyChangeTests */,
				40D43C4B218F752800208A35 /* moneyChangeUITests */,
			);
		};
/* End PBXProject section */

/* Begin PBXResourcesBuildPhase section */
		40D43C2B218F752200208A35 /* Resources */ = {
			isa = PBXResourcesBuildPhase;
			buildActionMask = 2147483647;
			files = (
				4043158821950AD300F9B7CD /* estoesMatrix.gif in Resources */,
				40D43C3B218F752800208A35 /* LaunchScreen.storyboard in Resources */,
				40D43C38218F752800208A35 /* Assets.xcassets in Resources */,
				40D43C36218F752200208A35 /* Main.storyboard in Resources */,
			);
			runOnlyForDeploymentPostprocessing = 0;
		};
		40D43C3F218F752800208A35 /* Resources */ = {
			isa = PBXResourcesBuildPhase;
			buildActionMask = 2147483647;
			files = (
			);
			runOnlyForDeploymentPostprocessing = 0;
		};
		40D43C4A218F752800208A35 /* Resources */ = {
			isa = PBXResourcesBuildPhase;
			buildActionMask = 2147483647;
			files = (
			);
			runOnlyForDeploymentPostprocessing = 0;
		};
/* End PBXResourcesBuildPhase section */

/* Begin PBXSourcesBuildPhase section */
		40D43C29218F752200208A35 /* Sources */ = {
			isa = PBXSourcesBuildPhase;
			buildActionMask = 2147483647;
			files = (
				40D43C33218F752200208A35 /* ViewController.swift in Sources */,
				40A29F26219273FA002D038D /* ViewController2.swift in Sources */,
				4043158A21950E9900F9B7CD /* gif.swift in Sources */,
				40D43C31218F752200208A35 /* AppDelegate.swift in Sources */,
				40F1BDED21911A2300DBD336 /* Moneda.swift in Sources */,
			);
			runOnlyForDeploymentPostprocessing = 0;
		};
		40D43C3D218F752800208A35 /* Sources */ = {
			isa = PBXSourcesBuildPhase;
			buildActionMask = 2147483647;
			files = (
				40D43C46218F752800208A35 /* moneyChangeTests.swift in Sources */,
			);
			runOnlyForDeploymentPostprocessing = 0;
		};
		40D43C48218F752800208A35 /* Sources */ = {
			isa = PBXSourcesBuildPhase;
			buildActionMask = 2147483647;
			files = (
				40D43C51218F752800208A35 /* moneyChangeUITests.swift in Sources */,
			);
			runOnlyForDeploymentPostprocessing = 0;
		};
/* End PBXSourcesBuildPhase section */

/* Begin PBXTargetDependency section */
		40D43C43218F752800208A35 /* PBXTargetDependency */ = {
			isa = PBXTargetDependency;
			target = 40D43C2C218F752200208A35 /* moneyChange */;
			targetProxy = 40D43C42218F752800208A35 /* PBXContainerItemProxy */;
		};
		40D43C4E218F752800208A35 /* PBXTargetDependency */ = {
			isa = PBXTargetDependency;
			target = 40D43C2C218F752200208A35 /* moneyChange */;
			targetProxy = 40D43C4D218F752800208A35 /* PBXContainerItemProxy */;
		};
/* End PBXTargetDependency section */

/* Begin PBXVariantGroup section */
		40D43C34218F752200208A35 /* Main.storyboard */ = {
			isa = PBXVariantGroup;
			children = (
				40D43C35218F752200208A35 /* Base */,
			);
			name = Main.storyboard;
			sourceTree = "<group>";
		};
		40D43C39218F752800208A35 /* LaunchScreen.storyboard */ = {
			isa = PBXVariantGroup;
			children = (
				40D43C3A218F752800208A35 /* Base */,
			);
			name = LaunchScreen.storyboard;
			sourceTree = "<group>";
		};
/* End PBXVariantGroup section */

/* Begin XCBuildConfiguration section */
		40D43C53218F752800208A35 /* Debug */ = {
			isa = XCBuildConfiguration;
			buildSettings = {
				ALWAYS_SEARCH_USER_PATHS = NO;
				CLANG_ANALYZER_NONNULL = YES;
				CLANG_ANALYZER_NUMBER_OBJECT_CONVERSION = YES_AGGRESSIVE;
				CLANG_CXX_LANGUAGE_STANDARD = "gnu++14";
				CLANG_CXX_LIBRARY = "libc++";
				CLANG_ENABLE_MODULES = YES;
				CLANG_ENABLE_OBJC_ARC = YES;
				CLANG_ENABLE_OBJC_WEAK = YES;
				CLANG_WARN_BLOCK_CAPTURE_AUTORELEASING = YES;
				CLANG_WARN_BOOL_CONVERSION = YES;
				CLANG_WARN_COMMA = YES;
				CLANG_WARN_CONSTANT_CONVERSION = YES;
				CLANG_WARN_DEPRECATED_OBJC_IMPLEMENTATIONS = YES;
				CLANG_WARN_DIRECT_OBJC_ISA_USAGE = YES_ERROR;
				CLANG_WARN_DOCUMENTATION_COMMENTS = YES;
				CLANG_WARN_EMPTY_BODY = YES;
				CLANG_WARN_ENUM_CONVERSION = YES;
				CLANG_WARN_INFINITE_RECURSION = YES;
				CLANG_WARN_INT_CONVERSION = YES;
				CLANG_WARN_NON_LITERAL_NULL_CONVERSION = YES;
				CLANG_WARN_OBJC_IMPLICIT_RETAIN_SELF = YES;
				CLANG_WARN_OBJC_LITERAL_CONVERSION = YES;
				CLANG_WARN_OBJC_ROOT_CLASS = YES_ERROR;
				CLANG_WARN_RANGE_LOOP_ANALYSIS = YES;
				CLANG_WARN_STRICT_PROTOTYPES = YES;
				CLANG_WARN_SUSPICIOUS_MOVE = YES;
				CLANG_WARN_UNGUARDED_AVAILABILITY = YES_AGGRESSIVE;
				CLANG_WARN_UNREACHABLE_CODE = YES;
				CLANG_WARN__DUPLICATE_METHOD_MATCH = YES;
				CODE_SIGN_IDENTITY = "iPhone Developer";
				COPY_PHASE_STRIP = NO;
				DEBUG_INFORMATION_FORMAT = dwarf;
				ENABLE_STRICT_OBJC_MSGSEND = YES;
				ENABLE_TESTABILITY = YES;
				GCC_C_LANGUAGE_STANDARD = gnu11;
				GCC_DYNAMIC_NO_PIC = NO;
				GCC_NO_COMMON_BLOCKS = YES;
				GCC_OPTIMIZATION_LEVEL = 0;
				GCC_PREPROCESSOR_DEFINITIONS = (
					"DEBUG=1",
					"$(inherited)",
				);
				GCC_WARN_64_TO_32_BIT_CONVERSION = YES;
				GCC_WARN_ABOUT_RETURN_TYPE = YES_ERROR;
				GCC_WARN_UNDECLARED_SELECTOR = YES;
				GCC_WARN_UNINITIALIZED_AUTOS = YES_AGGRESSIVE;
				GCC_WARN_UNUSED_FUNCTION = YES;
				GCC_WARN_UNUSED_VARIABLE = YES;
				IPHONEOS_DEPLOYMENT_TARGET = 12.1;
				MTL_ENABLE_DEBUG_INFO = INCLUDE_SOURCE;
				MTL_FAST_MATH = YES;
				ONLY_ACTIVE_ARCH = YES;
				SDKROOT = iphoneos;
				SWIFT_ACTIVE_COMPILATION_CONDITIONS = DEBUG;
				SWIFT_OPTIMIZATION_LEVEL = "-Onone";
			};
			name = Debug;
		};
		40D43C54218F752800208A35 /* Release */ = {
			isa = XCBuildConfiguration;
			buildSettings = {
				ALWAYS_SEARCH_USER_PATHS = NO;
				CLANG_ANALYZER_NONNULL = YES;
				CLANG_ANALYZER_NUMBER_OBJECT_CONVERSION = YES_AGGRESSIVE;
				CLANG_CXX_LANGUAGE_STANDARD = "gnu++14";
				CLANG_CXX_LIBRARY = "libc++";
				CLANG_ENABLE_MODULES = YES;
				CLANG_ENABLE_OBJC_ARC = YES;
				CLANG_ENABLE_OBJC_WEAK = YES;
				CLANG_WARN_BLOCK_CAPTURE_AUTORELEASING = YES;
				CLANG_WARN_BOOL_CONVERSION = YES;
				CLANG_WARN_COMMA = YES;
				CLANG_WARN_CONSTANT_CONVERSION = YES;
				CLANG_WARN_DEPRECATED_OBJC_IMPLEMENTATIONS = YES;
				CLANG_WARN_DIRECT_OBJC_ISA_USAGE = YES_ERROR;
				CLANG_WARN_DOCUMENTATION_COMMENTS = YES;
				CLANG_WARN_EMPTY_BODY = YES;
				CLANG_WARN_ENUM_CONVERSION = YES;
				CLANG_WARN_INFINITE_RECURSION = YES;
				CLANG_WARN_INT_CONVERSION = YES;
				CLANG_WARN_NON_LITERAL_NULL_CONVERSION = YES;
				CLANG_WARN_OBJC_IMPLICIT_RETAIN_SELF = YES;
				CLANG_WARN_OBJC_LITERAL_CONVERSION = YES;
				CLANG_WARN_OBJC_ROOT_CLASS = YES_ERROR;
				CLANG_WARN_RANGE_LOOP_ANALYSIS = YES;
				CLANG_WARN_STRICT_PROTOTYPES = YES;
				CLANG_WARN_SUSPICIOUS_MOVE = YES;
				CLANG_WARN_UNGUARDED_AVAILABILITY = YES_AGGRESSIVE;
				CLANG_WARN_UNREACHABLE_CODE = YES;
				CLANG_WARN__DUPLICATE_METHOD_MATCH = YES;
				CODE_SIGN_IDENTITY = "iPhone Developer";
				COPY_PHASE_STRIP = NO;
				DEBUG_INFORMATION_FORMAT = "dwarf-with-dsym";
				ENABLE_NS_ASSERTIONS = NO;
				ENABLE_STRICT_OBJC_MSGSEND = YES;
				GCC_C_LANGUAGE_STANDARD = gnu11;
				GCC_NO_COMMON_BLOCKS = YES;
				GCC_WARN_64_TO_32_BIT_CONVERSION = YES;
				GCC_WARN_ABOUT_RETURN_TYPE = YES_ERROR;
				GCC_WARN_UNDECLARED_SELECTOR = YES;
				GCC_WARN_UNINITIALIZED_AUTOS = YES_AGGRESSIVE;
				GCC_WARN_UNUSED_FUNCTION = YES;
				GCC_WARN_UNUSED_VARIABLE = YES;
				IPHONEOS_DEPLOYMENT_TARGET = 12.1;
				MTL_ENABLE_DEBUG_INFO = NO;
				MTL_FAST_MATH = YES;
				SDKROOT = iphoneos;
				SWIFT_COMPILATION_MODE = wholemodule;
				SWIFT_OPTIMIZATION_LEVEL = "-O";
				VALIDATE_PRODUCT = YES;
			};
			name = Release;
		};
		40D43C56218F752800208A35 /* Debug */ = {
			isa = XCBuildConfiguration;
			buildSettings = {
				ASSETCATALOG_COMPILER_APPICON_NAME = AppIcon;
				CODE_SIGN_STYLE = Automatic;
				DEVELOPMENT_TEAM = 346MLAG495;
				INFOPLIST_FILE = moneyChange/Info.plist;
				LD_RUNPATH_SEARCH_PATHS = (
					"$(inherited)",
					"@executable_path/Frameworks",
				);
				PRODUCT_BUNDLE_IDENTIFIER = practicaNUM2.moneyChange;
				PRODUCT_NAME = "$(TARGET_NAME)";
				SWIFT_VERSION = 4.2;
				TARGETED_DEVICE_FAMILY = "1,2";
			};
			name = Debug;
		};
		40D43C57218F752800208A35 /* Release */ = {
			isa = XCBuildConfiguration;
			buildSettings = {
				ASSETCATALOG_COMPILER_APPICON_NAME = AppIcon;
				CODE_SIGN_STYLE = Automatic;
				DEVELOPMENT_TEAM = 346MLAG495;
				INFOPLIST_FILE = moneyChange/Info.plist;
				LD_RUNPATH_SEARCH_PATHS = (
					"$(inherited)",
					"@executable_path/Frameworks",
				);
				PRODUCT_BUNDLE_IDENTIFIER = practicaNUM2.moneyChange;
				PRODUCT_NAME = "$(TARGET_NAME)";
				SWIFT_VERSION = 4.2;
				TARGETED_DEVICE_FAMILY = "1,2";
			};
			name = Release;
		};
		40D43C59218F752800208A35 /* Debug */ = {
			isa = XCBuildConfiguration;
			buildSettings = {
				ALWAYS_EMBED_SWIFT_STANDARD_LIBRARIES = YES;
				BUNDLE_LOADER = "$(TEST_HOST)";
				CODE_SIGN_STYLE = Automatic;
				DEVELOPMENT_TEAM = 346MLAG495;
				INFOPLIST_FILE = moneyChangeTests/Info.plist;
				LD_RUNPATH_SEARCH_PATHS = (
					"$(inherited)",
					"@executable_path/Frameworks",
					"@loader_path/Frameworks",
				);
				PRODUCT_BUNDLE_IDENTIFIER = practicaNUM2.moneyChangeTests;
				PRODUCT_NAME = "$(TARGET_NAME)";
				SWIFT_VERSION = 4.2;
				TARGETED_DEVICE_FAMILY = "1,2";
				TEST_HOST = "$(BUILT_PRODUCTS_DIR)/moneyChange.app/moneyChange";
			};
			name = Debug;
		};
		40D43C5A218F752800208A35 /* Release */ = {
			isa = XCBuildConfiguration;
			buildSettings = {
				ALWAYS_EMBED_SWIFT_STANDARD_LIBRARIES = YES;
				BUNDLE_LOADER = "$(TEST_HOST)";
				CODE_SIGN_STYLE = Automatic;
				DEVELOPMENT_TEAM = 346MLAG495;
				INFOPLIST_FILE = moneyChangeTests/Info.plist;
				LD_RUNPATH_SEARCH_PATHS = (
					"$(inherited)",
					"@executable_path/Frameworks",
					"@loader_path/Frameworks",
				);
				PRODUCT_BUNDLE_IDENTIFIER = practicaNUM2.moneyChangeTests;
				PRODUCT_NAME = "$(TARGET_NAME)";
				SWIFT_VERSION = 4.2;
				TARGETED_DEVICE_FAMILY = "1,2";
				TEST_HOST = "$(BUILT_PRODUCTS_DIR)/moneyChange.app/moneyChange";
			};
			name = Release;
		};
		40D43C5C218F752800208A35 /* Debug */ = {
			isa = XCBuildConfiguration;
			buildSettings = {
				ALWAYS_EMBED_SWIFT_STANDARD_LIBRARIES = YES;
				CODE_SIGN_STYLE = Automatic;
				DEVELOPMENT_TEAM = 346MLAG495;
				INFOPLIST_FILE = moneyChangeUITests/Info.plist;
				LD_RUNPATH_SEARCH_PATHS = (
					"$(inherited)",
					"@executable_path/Frameworks",
					"@loader_path/Frameworks",
				);
				PRODUCT_BUNDLE_IDENTIFIER = practicaNUM2.moneyChangeUITests;
				PRODUCT_NAME = "$(TARGET_NAME)";
				SWIFT_VERSION = 4.2;
				TARGETED_DEVICE_FAMILY = "1,2";
				TEST_TARGET_NAME = moneyChange;
			};
			name = Debug;
		};
		40D43C5D218F752800208A35 /* Release */ = {
			isa = XCBuildConfiguration;
			buildSettings = {
				ALWAYS_EMBED_SWIFT_STANDARD_LIBRARIES = YES;
				CODE_SIGN_STYLE = Automatic;
				DEVELOPMENT_TEAM = 346MLAG495;
				INFOPLIST_FILE = moneyChangeUITests/Info.plist;
				LD_RUNPATH_SEARCH_PATHS = (
					"$(inherited)",
					"@executable_path/Frameworks",
					"@loader_path/Frameworks",
				);
				PRODUCT_BUNDLE_IDENTIFIER = practicaNUM2.moneyChangeUITests;
				PRODUCT_NAME = "$(TARGET_NAME)";
				SWIFT_VERSION = 4.2;
				TARGETED_DEVICE_FAMILY = "1,2";
				TEST_TARGET_NAME = moneyChange;
			};
			name = Release;
		};
/* End XCBuildConfiguration section */

/* Begin XCConfigurationList section */
		40D43C28218F752100208A35 /* Build configuration list for PBXProject "moneyChange" */ = {
			isa = XCConfigurationList;
			buildConfigurations = (
				40D43C53218F752800208A35 /* Debug */,
				40D43C54218F752800208A35 /* Release */,
			);
			defaultConfigurationIsVisible = 0;
			defaultConfigurationName = Release;
		};
		40D43C55218F752800208A35 /* Build configuration list for PBXNativeTarget "moneyChange" */ = {
			isa = XCConfigurationList;
			buildConfigurations = (
				40D43C56218F752800208A35 /* Debug */,
				40D43C57218F752800208A35 /* Release */,
			);
			defaultConfigurationIsVisible = 0;
			defaultConfigurationName = Release;
		};
		40D43C58218F752800208A35 /* Build configuration list for PBXNativeTarget "moneyChangeTests" */ = {
			isa = XCConfigurationList;
			buildConfigurations = (
				40D43C59218F752800208A35 /* Debug */,
				40D43C5A218F752800208A35 /* Release */,
			);
			defaultConfigurationIsVisible = 0;
			defaultConfigurationName = Release;
		};
		40D43C5B218F752800208A35 /* Build configuration list for PBXNativeTarget "moneyChangeUITests" */ = {
			isa = XCConfigurationList;
			buildConfigurations = (
				40D43C5C218F752800208A35 /* Debug */,
				40D43C5D218F752800208A35 /* Release */,
			);
			defaultConfigurationIsVisible = 0;
			defaultConfigurationName = Release;
		};
/* End XCConfigurationList section */
	};
	rootObject = 40D43C25218F752100208A35 /* Project object */;
}
